// !$*UTF8*$!
{
	archiveVersion = 1;
	classes = {
	};
	objectVersion = 50;
	objects = {

/* Begin PBXBuildFile section */
		5417DEB425AD496C00EF0943 /* PracticeAlamofire.swift in Sources */ = {isa = PBXBuildFile; fileRef = 5417DEB325AD496C00EF0943 /* PracticeAlamofire.swift */; };
		54C52B6D25AD3CDF00CD9C01 /* CustomCell.swift in Sources */ = {isa = PBXBuildFile; fileRef = 54C52B6C25AD3CDF00CD9C01 /* CustomCell.swift */; };
		54EAFEB725AD387600D3B9B7 /* AppDelegate.swift in Sources */ = {isa = PBXBuildFile; fileRef = 54EAFEB625AD387600D3B9B7 /* AppDelegate.swift */; };
		54EAFEB925AD387600D3B9B7 /* SceneDelegate.swift in Sources */ = {isa = PBXBuildFile; fileRef = 54EAFEB825AD387600D3B9B7 /* SceneDelegate.swift */; };
		54EAFEBB25AD387600D3B9B7 /* ViewController.swift in Sources */ = {isa = PBXBuildFile; fileRef = 54EAFEBA25AD387600D3B9B7 /* ViewController.swift */; };
		54EAFEBE25AD387600D3B9B7 /* Main.storyboard in Resources */ = {isa = PBXBuildFile; fileRef = 54EAFEBC25AD387600D3B9B7 /* Main.storyboard */; };
		54EAFEC025AD387600D3B9B7 /* Assets.xcassets in Resources */ = {isa = PBXBuildFile; fileRef = 54EAFEBF25AD387600D3B9B7 /* Assets.xcassets */; };
		54EAFEC325AD387600D3B9B7 /* LaunchScreen.storyboard in Resources */ = {isa = PBXBuildFile; fileRef = 54EAFEC125AD387600D3B9B7 /* LaunchScreen.storyboard */; };
		F27B8173A8B5D5310AA90FBD /* libPods-PracticeAlamofire.a in Frameworks */ = {isa = PBXBuildFile; fileRef = BEA2654AC115D8800D685754 /* libPods-PracticeAlamofire.a */; };
/* End PBXBuildFile section */

/* Begin PBXFileReference section */
		5417DEB325AD496C00EF0943 /* PracticeAlamofire.swift */ = {isa = PBXFileReference; lastKnownFileType = sourcecode.swift; path = PracticeAlamofire.swift; sourceTree = "<group>"; };
		54C52B6C25AD3CDF00CD9C01 /* CustomCell.swift */ = {isa = PBXFileReference; lastKnownFileType = sourcecode.swift; path = CustomCell.swift; sourceTree = "<group>"; };
		54EAFEB325AD387600D3B9B7 /* PracticeAlamofire.app */ = {isa = PBXFileReference; explicitFileType = wrapper.application; includeInIndex = 0; path = PracticeAlamofire.app; sourceTree = BUILT_PRODUCTS_DIR; };
		54EAFEB625AD387600D3B9B7 /* AppDelegate.swift */ = {isa = PBXFileReference; lastKnownFileType = sourcecode.swift; path = AppDelegate.swift; sourceTree = "<group>"; };
		54EAFEB825AD387600D3B9B7 /* SceneDelegate.swift */ = {isa = PBXFileReference; lastKnownFileType = sourcecode.swift; path = SceneDelegate.swift; sourceTree = "<group>"; };
		54EAFEBA25AD387600D3B9B7 /* ViewController.swift */ = {isa = PBXFileReference; lastKnownFileType = sourcecode.swift; path = ViewController.swift; sourceTree = "<group>"; };
		54EAFEBD25AD387600D3B9B7 /* Base */ = {isa = PBXFileReference; lastKnownFileType = file.storyboard; name = Base; path = Base.lproj/Main.storyboard; sourceTree = "<group>"; };
		54EAFEBF25AD387600D3B9B7 /* Assets.xcassets */ = {isa = PBXFileReference; lastKnownFileType = folder.assetcatalog; path = Assets.xcassets; sourceTree = "<group>"; };
		54EAFEC225AD387600D3B9B7 /* Base */ = {isa = PBXFileReference; lastKnownFileType = file.storyboard; name = Base; path = Base.lproj/LaunchScreen.storyboard; sourceTree = "<group>"; };
		54EAFEC425AD387600D3B9B7 /* Info.plist */ = {isa = PBXFileReference; lastKnownFileType = text.plist.xml; path = Info.plist; sourceTree = "<group>"; };
		9EA0913C2E9C8EE619D8A37C /* Pods-PracticeAlamofire.release.xcconfig */ = {isa = PBXFileReference; includeInIndex = 1; lastKnownFileType = text.xcconfig; name = "Pods-PracticeAlamofire.release.xcconfig"; path = "Target Support Files/Pods-PracticeAlamofire/Pods-PracticeAlamofire.release.xcconfig"; sourceTree = "<group>"; };
		BEA2654AC115D8800D685754 /* libPods-PracticeAlamofire.a */ = {isa = PBXFileReference; explicitFileType = archive.ar; includeInIndex = 0; path = "libPods-PracticeAlamofire.a"; sourceTree = BUILT_PRODUCTS_DIR; };
		D43C2596E10526B82741348A /* Pods-PracticeAlamofire.debug.xcconfig */ = {isa = PBXFileReference; includeInIndex = 1; lastKnownFileType = text.xcconfig; name = "Pods-PracticeAlamofire.debug.xcconfig"; path = "Target Support Files/Pods-PracticeAlamofire/Pods-PracticeAlamofire.debug.xcconfig"; sourceTree = "<group>"; };
/* End PBXFileReference section */

/* Begin PBXFrameworksBuildPhase section */
		54EAFEB025AD387600D3B9B7 /* Frameworks */ = {
			isa = PBXFrameworksBuildPhase;
			buildActionMask = 2147483647;
			files = (
				F27B8173A8B5D5310AA90FBD /* libPods-PracticeAlamofire.a in Frameworks */,
			);
			runOnlyForDeploymentPostprocessing = 0;
		};
/* End PBXFrameworksBuildPhase section */

/* Begin PBXGroup section */
		4BF025C2FCC3EB1150F74170 /* Frameworks */ = {
			isa = PBXGroup;
			children = (
				BEA2654AC115D8800D685754 /* libPods-PracticeAlamofire.a */,
			);
			name = Frameworks;
			sourceTree = "<group>";
		};
		5417DEB625AD49CB00EF0943 /* UI */ = {
			isa = PBXGroup;
			children = (
				54EAFEBC25AD387600D3B9B7 /* Main.storyboard */,
			);
			path = UI;
			sourceTree = "<group>";
		};
		5417DEB725AD49D500EF0943 /* VC */ = {
			isa = PBXGroup;
			children = (
				54EAFEBA25AD387600D3B9B7 /* ViewController.swift */,
			);
			path = VC;
			sourceTree = "<group>";
		};
		5417DEB825AD49DE00EF0943 /* Cell */ = {
			isa = PBXGroup;
			children = (
				54C52B6C25AD3CDF00CD9C01 /* CustomCell.swift */,
			);
			path = Cell;
			sourceTree = "<group>";
		};
		5417DEB925AD49E500EF0943 /* Model */ = {
			isa = PBXGroup;
			children = (
				5417DEB325AD496C00EF0943 /* PracticeAlamofire.swift */,
			);
			path = Model;
			sourceTree = "<group>";
		};
		54EAFEAA25AD387500D3B9B7 = {
			isa = PBXGroup;
			children = (
				54EAFEB525AD387600D3B9B7 /* PracticeAlamofire */,
				54EAFEB425AD387600D3B9B7 /* Products */,
				A920B691357D24041482FE21 /* Pods */,
				4BF025C2FCC3EB1150F74170 /* Frameworks */,
			);
			sourceTree = "<group>";
		};
		54EAFEB425AD387600D3B9B7 /* Products */ = {
			isa = PBXGroup;
			children = (
				54EAFEB325AD387600D3B9B7 /* PracticeAlamofire.app */,
			);
			name = Products;
			sourceTree = "<group>";
		};
		54EAFEB525AD387600D3B9B7 /* PracticeAlamofire */ = {
			isa = PBXGroup;
			children = (
				5417DEB825AD49DE00EF0943 /* Cell */,
				5417DEB925AD49E500EF0943 /* Model */,
				5417DEB625AD49CB00EF0943 /* UI */,
				5417DEB725AD49D500EF0943 /* VC */,
				54EAFEB625AD387600D3B9B7 /* AppDelegate.swift */,
				54EAFEB825AD387600D3B9B7 /* SceneDelegate.swift */,
				54EAFEBF25AD387600D3B9B7 /* Assets.xcassets */,
				54EAFEC125AD387600D3B9B7 /* LaunchScreen.storyboard */,
				54EAFEC425AD387600D3B9B7 /* Info.plist */,
			);
			path = PracticeAlamofire;
			sourceTree = "<group>";
		};
		A920B691357D24041482FE21 /* Pods */ = {
			isa = PBXGroup;
			children = (
				D43C2596E10526B82741348A /* Pods-PracticeAlamofire.debug.xcconfig */,
				9EA0913C2E9C8EE619D8A37C /* Pods-PracticeAlamofire.release.xcconfig */,
			);
			path = Pods;
			sourceTree = "<group>";
		};
/* End PBXGroup section */

/* Begin PBXNativeTarget section */
		54EAFEB225AD387600D3B9B7 /* PracticeAlamofire */ = {
			isa = PBXNativeTarget;
			buildConfigurationList = 54EAFEC725AD387600D3B9B7 /* Build configuration list for PBXNativeTarget "PracticeAlamofire" */;
			buildPhases = (
				A09B1A4B772F66172E871A21 /* [CP] Check Pods Manifest.lock */,
				54EAFEAF25AD387600D3B9B7 /* Sources */,
				54EAFEB025AD387600D3B9B7 /* Frameworks */,
				54EAFEB125AD387600D3B9B7 /* Resources */,
			);
			buildRules = (
			);
			dependencies = (
			);
			name = PracticeAlamofire;
			productName = PracticeAlamofire;
			productReference = 54EAFEB325AD387600D3B9B7 /* PracticeAlamofire.app */;
			productType = "com.apple.product-type.application";
		};
/* End PBXNativeTarget section */

/* Begin PBXProject section */
		54EAFEAB25AD387500D3B9B7 /* Project object */ = {
			isa = PBXProject;
			attributes = {
				LastSwiftUpdateCheck = 1230;
				LastUpgradeCheck = 1230;
				TargetAttributes = {
					54EAFEB225AD387600D3B9B7 = {
						CreatedOnToolsVersion = 12.3;
					};
				};
			};
			buildConfigurationList = 54EAFEAE25AD387500D3B9B7 /* Build configuration list for PBXProject "PracticeAlamofire" */;
			compatibilityVersion = "Xcode 9.3";
			developmentRegion = en;
			hasScannedForEncodings = 0;
			knownRegions = (
				en,
				Base,
			);
			mainGroup = 54EAFEAA25AD387500D3B9B7;
			productRefGroup = 54EAFEB425AD387600D3B9B7 /* Products */;
			projectDirPath = "";
			projectRoot = "";
			targets = (
				54EAFEB225AD387600D3B9B7 /* PracticeAlamofire */,
			);
		};
/* End PBXProject section */

/* Begin PBXResourcesBuildPhase section */
		54EAFEB125AD387600D3B9B7 /* Resources */ = {
			isa = PBXResourcesBuildPhase;
			buildActionMask = 2147483647;
			files = (
				54EAFEC325AD387600D3B9B7 /* LaunchScreen.storyboard in Resources */,
				54EAFEC025AD387600D3B9B7 /* Assets.xcassets in Resources */,
				54EAFEBE25AD387600D3B9B7 /* Main.storyboard in Resources */,
			);
			runOnlyForDeploymentPostprocessing = 0;
		};
/* End PBXResourcesBuildPhase section */

/* Begin PBXShellScriptBuildPhase section */
		A09B1A4B772F66172E871A21 /* [CP] Check Pods Manifest.lock */ = {
			isa = PBXShellScriptBuildPhase;
			buildActionMask = 2147483647;
			files = (
			);
			inputFileListPaths = (
			);
			inputPaths = (
				"${PODS_PODFILE_DIR_PATH}/Podfile.lock",
				"${PODS_ROOT}/Manifest.lock",
			);
			name = "[CP] Check Pods Manifest.lock";
			outputFileListPaths = (
			);
			outputPaths = (
				"$(DERIVED_FILE_DIR)/Pods-PracticeAlamofire-checkManifestLockResult.txt",
			);
			runOnlyForDeploymentPostprocessing = 0;
			shellPath = /bin/sh;
			shellScript = "diff \"${PODS_PODFILE_DIR_PATH}/Podfile.lock\" \"${PODS_ROOT}/Manifest.lock\" > /dev/null\nif [ $? != 0 ] ; then\n    # print error to STDERR\n    echo \"error: The sandbox is not in sync with the Podfile.lock. Run 'pod install' or update your CocoaPods installation.\" >&2\n    exit 1\nfi\n# This output is used by Xcode 'outputs' to avoid re-running this script phase.\necho \"SUCCESS\" > \"${SCRIPT_OUTPUT_FILE_0}\"\n";
			showEnvVarsInLog = 0;
		};
/* End PBXShellScriptBuildPhase section */

/* Begin PBXSourcesBuildPhase section */
		54EAFEAF25AD387600D3B9B7 /* Sources */ = {
			isa = PBXSourcesBuildPhase;
			buildActionMask = 2147483647;
			files = (
				54EAFEBB25AD387600D3B9B7 /* ViewController.swift in Sources */,
				54EAFEB725AD387600D3B9B7 /* AppDelegate.swift in Sources */,
				54C52B6D25AD3CDF00CD9C01 /* CustomCell.swift in Sources */,
				5417DEB425AD496C00EF0943 /* PracticeAlamofire.swift in Sources */,
				54EAFEB925AD387600D3B9B7 /* SceneDelegate.swift in Sources */,
			);
			runOnlyForDeploymentPostprocessing = 0;
		};
/* End PBXSourcesBuildPhase section */

/* Begin PBXVariantGroup section */
		54EAFEBC25AD387600D3B9B7 /* Main.storyboard */ = {
			isa = PBXVariantGroup;
			children = (
				54EAFEBD25AD387600D3B9B7 /* Base */,
			);
			name = Main.storyboard;
			sourceTree = "<group>";
		};
		54EAFEC125AD387600D3B9B7 /* LaunchScreen.storyboard */ = {
			isa = PBXVariantGroup;
			children = (
				54EAFEC225AD387600D3B9B7 /* Base */,
			);
			name = LaunchScreen.storyboard;
			sourceTree = "<group>";
		};
/* End PBXVariantGroup section */

/* Begin XCBuildConfiguration section */
		54EAFEC525AD387600D3B9B7 /* Debug */ = {
			isa = XCBuildConfiguration;
			buildSettings = {
				ALWAYS_SEARCH_USER_PATHS = NO;
				CLANG_ANALYZER_NONNULL = YES;
				CLANG_ANALYZER_NUMBER_OBJECT_CONVERSION = YES_AGGRESSIVE;
				CLANG_CXX_LANGUAGE_STANDARD = "gnu++14";
				CLANG_CXX_LIBRARY = "libc++";
				CLANG_ENABLE_MODULES = YES;
				CLANG_ENABLE_OBJC_ARC = YES;
				CLANG_ENABLE_OBJC_WEAK = YES;
				CLANG_WARN_BLOCK_CAPTURE_AUTORELEASING = YES;
				CLANG_WARN_BOOL_CONVERSION = YES;
				CLANG_WARN_COMMA = YES;
				CLANG_WARN_CONSTANT_CONVERSION = YES;
				CLANG_WARN_DEPRECATED_OBJC_IMPLEMENTATIONS = YES;
				CLANG_WARN_DIRECT_OBJC_ISA_USAGE = YES_ERROR;
				CLANG_WARN_DOCUMENTATION_COMMENTS = YES;
				CLANG_WARN_EMPTY_BODY = YES;
				CLANG_WARN_ENUM_CONVERSION = YES;
				CLANG_WARN_INFINITE_RECURSION = YES;
				CLANG_WARN_INT_CONVERSION = YES;
				CLANG_WARN_NON_LITERAL_NULL_CONVERSION = YES;
				CLANG_WARN_OBJC_IMPLICIT_RETAIN_SELF = YES;
				CLANG_WARN_OBJC_LITERAL_CONVERSION = YES;
				CLANG_WARN_OBJC_ROOT_CLASS = YES_ERROR;
				CLANG_WARN_QUOTED_INCLUDE_IN_FRAMEWORK_HEADER = YES;
				CLANG_WARN_RANGE_LOOP_ANALYSIS = YES;
				CLANG_WARN_STRICT_PROTOTYPES = YES;
				CLANG_WARN_SUSPICIOUS_MOVE = YES;
				CLANG_WARN_UNGUARDED_AVAILABILITY = YES_AGGRESSIVE;
				CLANG_WARN_UNREACHABLE_CODE = YES;
				CLANG_WARN__DUPLICATE_METHOD_MATCH = YES;
				COPY_PHASE_STRIP = NO;
				DEBUG_INFORMATION_FORMAT = dwarf;
				ENABLE_STRICT_OBJC_MSGSEND = YES;
				ENABLE_TESTABILITY = YES;
				GCC_C_LANGUAGE_STANDARD = gnu11;
				GCC_DYNAMIC_NO_PIC = NO;
				GCC_NO_COMMON_BLOCKS = YES;
				GCC_OPTIMIZATION_LEVEL = 0;
				GCC_PREPROCESSOR_DEFINITIONS = (
					"DEBUG=1",
					"$(inherited)",
				);
				GCC_WARN_64_TO_32_BIT_CONVERSION = YES;
				GCC_WARN_ABOUT_RETURN_TYPE = YES_ERROR;
				GCC_WARN_UNDECLARED_SELECTOR = YES;
				GCC_WARN_UNINITIALIZED_AUTOS = YES_AGGRESSIVE;
				GCC_WARN_UNUSED_FUNCTION = YES;
				GCC_WARN_UNUSED_VARIABLE = YES;
				IPHONEOS_DEPLOYMENT_TARGET = 14.3;
				MTL_ENABLE_DEBUG_INFO = INCLUDE_SOURCE;
				MTL_FAST_MATH = YES;
				ONLY_ACTIVE_ARCH = YES;
				SDKROOT = iphoneos;
				SWIFT_ACTIVE_COMPILATION_CONDITIONS = DEBUG;
				SWIFT_OPTIMIZATION_LEVEL = "-Onone";
			};
			name = Debug;
		};
		54EAFEC625AD387600D3B9B7 /* Release */ = {
			isa = XCBuildConfiguration;
			buildSettings = {
				ALWAYS_SEARCH_USER_PATHS = NO;
				CLANG_ANALYZER_NONNULL = YES;
				CLANG_ANALYZER_NUMBER_OBJECT_CONVERSION = YES_AGGRESSIVE;
				CLANG_CXX_LANGUAGE_STANDARD = "gnu++14";
				CLANG_CXX_LIBRARY = "libc++";
				CLANG_ENABLE_MODULES = YES;
				CLANG_ENABLE_OBJC_ARC = YES;
				CLANG_ENABLE_OBJC_WEAK = YES;
				CLANG_WARN_BLOCK_CAPTURE_AUTORELEASING = YES;
				CLANG_WARN_BOOL_CONVERSION = YES;
				CLANG_WARN_COMMA = YES;
				CLANG_WARN_CONSTANT_CONVERSION = YES;
				CLANG_WARN_DEPRECATED_OBJC_IMPLEMENTATIONS = YES;
				CLANG_WARN_DIRECT_OBJC_ISA_USAGE = YES_ERROR;
				CLANG_WARN_DOCUMENTATION_COMMENTS = YES;
				CLANG_WARN_EMPTY_BODY = YES;
				CLANG_WARN_ENUM_CONVERSION = YES;
				CLANG_WARN_INFINITE_RECURSION = YES;
				CLANG_WARN_INT_CONVERSION = YES;
				CLANG_WARN_NON_LITERAL_NULL_CONVERSION = YES;
				CLANG_WARN_OBJC_IMPLICIT_RETAIN_SELF = YES;
				CLANG_WARN_OBJC_LITERAL_CONVERSION = YES;
				CLANG_WARN_OBJC_ROOT_CLASS = YES_ERROR;
				CLANG_WARN_QUOTED_INCLUDE_IN_FRAMEWORK_HEADER = YES;
				CLANG_WARN_RANGE_LOOP_ANALYSIS = YES;
				CLANG_WARN_STRICT_PROTOTYPES = YES;
				CLANG_WARN_SUSPICIOUS_MOVE = YES;
				CLANG_WARN_UNGUARDED_AVAILABILITY = YES_AGGRESSIVE;
				CLANG_WARN_UNREACHABLE_CODE = YES;
				CLANG_WARN__DUPLICATE_METHOD_MATCH = YES;
				COPY_PHASE_STRIP = NO;
				DEBUG_INFORMATION_FORMAT = "dwarf-with-dsym";
				ENABLE_NS_ASSERTIONS = NO;
				ENABLE_STRICT_OBJC_MSGSEND = YES;
				GCC_C_LANGUAGE_STANDARD = gnu11;
				GCC_NO_COMMON_BLOCKS = YES;
				GCC_WARN_64_TO_32_BIT_CONVERSION = YES;
				GCC_WARN_ABOUT_RETURN_TYPE = YES_ERROR;
				GCC_WARN_UNDECLARED_SELECTOR = YES;
				GCC_WARN_UNINITIALIZED_AUTOS = YES_AGGRESSIVE;
				GCC_WARN_UNUSED_FUNCTION = YES;
				GCC_WARN_UNUSED_VARIABLE = YES;
				IPHONEOS_DEPLOYMENT_TARGET = 14.3;
				MTL_ENABLE_DEBUG_INFO = NO;
				MTL_FAST_MATH = YES;
				SDKROOT = iphoneos;
				SWIFT_COMPILATION_MODE = wholemodule;
				SWIFT_OPTIMIZATION_LEVEL = "-O";
				VALIDATE_PRODUCT = YES;
			};
			name = Release;
		};
		54EAFEC825AD387600D3B9B7 /* Debug */ = {
			isa = XCBuildConfiguration;
			baseConfigurationReference = D43C2596E10526B82741348A /* Pods-PracticeAlamofire.debug.xcconfig */;
			buildSettings = {
				ASSETCATALOG_COMPILER_APPICON_NAME = AppIcon;
				ASSETCATALOG_COMPILER_GLOBAL_ACCENT_COLOR_NAME = AccentColor;
				CODE_SIGN_STYLE = Automatic;
				INFOPLIST_FILE = PracticeAlamofire/Info.plist;
				LD_RUNPATH_SEARCH_PATHS = (
					"$(inherited)",
					"@executable_path/Frameworks",
				);
				PRODUCT_BUNDLE_IDENTIFIER = NoDomain.PracticeAlamofire;
				PRODUCT_NAME = "$(TARGET_NAME)";
				SWIFT_VERSION = 5.0;
				TARGETED_DEVICE_FAMILY = "1,2";
			};
			name = Debug;
		};
		54EAFEC925AD387600D3B9B7 /* Release */ = {
			isa = XCBuildConfiguration;
			baseConfigurationReference = 9EA0913C2E9C8EE619D8A37C /* Pods-PracticeAlamofire.release.xcconfig */;
			buildSettings = {
				ASSETCATALOG_COMPILER_APPICON_NAME = AppIcon;
				ASSETCATALOG_COMPILER_GLOBAL_ACCENT_COLOR_NAME = AccentColor;
				CODE_SIGN_STYLE = Automatic;
				INFOPLIST_FILE = PracticeAlamofire/Info.plist;
				LD_RUNPATH_SEARCH_PATHS = (
					"$(inherited)",
					"@executable_path/Frameworks",
				);
				PRODUCT_BUNDLE_IDENTIFIER = NoDomain.PracticeAlamofire;
				PRODUCT_NAME = "$(TARGET_NAME)";
				SWIFT_VERSION = 5.0;
				TARGETED_DEVICE_FAMILY = "1,2";
			};
			name = Release;
		};
/* End XCBuildConfiguration section */

/* Begin XCConfigurationList section */
		54EAFEAE25AD387500D3B9B7 /* Build configuration list for PBXProject "PracticeAlamofire" */ = {
			isa = XCConfigurationList;
			buildConfigurations = (
				54EAFEC525AD387600D3B9B7 /* Debug */,
				54EAFEC625AD387600D3B9B7 /* Release */,
			);
			defaultConfigurationIsVisible = 0;
			defaultConfigurationName = Release;
		};
		54EAFEC725AD387600D3B9B7 /* Build configuration list for PBXNativeTarget "PracticeAlamofire" */ = {
			isa = XCConfigurationList;
			buildConfigurations = (
				54EAFEC825AD387600D3B9B7 /* Debug */,
				54EAFEC925AD387600D3B9B7 /* Release */,
			);
			defaultConfigurationIsVisible = 0;
			defaultConfigurationName = Release;
		};
/* End XCConfigurationList section */
	};
	rootObject = 54EAFEAB25AD387500D3B9B7 /* Project object */;
}
