// !$*UTF8*$!
{
	archiveVersion = 1;
	classes = {
	};
	objectVersion = 50;
	objects = {

/* Begin PBXBuildFile section */
		5483081B25DE75BC0096237E /* AppDelegate.swift in Sources */ = {isa = PBXBuildFile; fileRef = 5483081A25DE75BC0096237E /* AppDelegate.swift */; };
		5483081D25DE75BC0096237E /* SceneDelegate.swift in Sources */ = {isa = PBXBuildFile; fileRef = 5483081C25DE75BC0096237E /* SceneDelegate.swift */; };
		5483081F25DE75BC0096237E /* ViewController.swift in Sources */ = {isa = PBXBuildFile; fileRef = 5483081E25DE75BC0096237E /* ViewController.swift */; };
		5483082225DE75BC0096237E /* Main.storyboard in Resources */ = {isa = PBXBuildFile; fileRef = 5483082025DE75BC0096237E /* Main.storyboard */; };
		5483082425DE75BC0096237E /* Assets.xcassets in Resources */ = {isa = PBXBuildFile; fileRef = 5483082325DE75BC0096237E /* Assets.xcassets */; };
		5483082725DE75BC0096237E /* LaunchScreen.storyboard in Resources */ = {isa = PBXBuildFile; fileRef = 5483082525DE75BC0096237E /* LaunchScreen.storyboard */; };
		5483083425DE76AD0096237E /* LoginVC.swift in Sources */ = {isa = PBXBuildFile; fileRef = 5483083225DE76AD0096237E /* LoginVC.swift */; };
		5483083B25DE77230096237E /* Login.storyboard in Resources */ = {isa = PBXBuildFile; fileRef = 5483083925DE77230096237E /* Login.storyboard */; };
		5483083E25DE772E0096237E /* UserModel.swift in Sources */ = {isa = PBXBuildFile; fileRef = 5483083D25DE772E0096237E /* UserModel.swift */; };
/* End PBXBuildFile section */

/* Begin PBXFileReference section */
		5483081725DE75BB0096237E /* GRAMO_Practice.app */ = {isa = PBXFileReference; explicitFileType = wrapper.application; includeInIndex = 0; path = GRAMO_Practice.app; sourceTree = BUILT_PRODUCTS_DIR; };
		5483081A25DE75BC0096237E /* AppDelegate.swift */ = {isa = PBXFileReference; lastKnownFileType = sourcecode.swift; path = AppDelegate.swift; sourceTree = "<group>"; };
		5483081C25DE75BC0096237E /* SceneDelegate.swift */ = {isa = PBXFileReference; lastKnownFileType = sourcecode.swift; path = SceneDelegate.swift; sourceTree = "<group>"; };
		5483081E25DE75BC0096237E /* ViewController.swift */ = {isa = PBXFileReference; lastKnownFileType = sourcecode.swift; path = ViewController.swift; sourceTree = "<group>"; };
		5483082125DE75BC0096237E /* Base */ = {isa = PBXFileReference; lastKnownFileType = file.storyboard; name = Base; path = Base.lproj/Main.storyboard; sourceTree = "<group>"; };
		5483082325DE75BC0096237E /* Assets.xcassets */ = {isa = PBXFileReference; lastKnownFileType = folder.assetcatalog; path = Assets.xcassets; sourceTree = "<group>"; };
		5483082625DE75BC0096237E /* Base */ = {isa = PBXFileReference; lastKnownFileType = file.storyboard; name = Base; path = Base.lproj/LaunchScreen.storyboard; sourceTree = "<group>"; };
		5483082825DE75BC0096237E /* Info.plist */ = {isa = PBXFileReference; lastKnownFileType = text.plist.xml; path = Info.plist; sourceTree = "<group>"; };
		5483083225DE76AD0096237E /* LoginVC.swift */ = {isa = PBXFileReference; fileEncoding = 4; lastKnownFileType = sourcecode.swift; path = LoginVC.swift; sourceTree = "<group>"; };
		5483083A25DE77230096237E /* Base */ = {isa = PBXFileReference; lastKnownFileType = file.storyboard; name = Base; path = Base.lproj/Login.storyboard; sourceTree = "<group>"; };
		5483083D25DE772E0096237E /* UserModel.swift */ = {isa = PBXFileReference; fileEncoding = 4; lastKnownFileType = sourcecode.swift; path = UserModel.swift; sourceTree = "<group>"; };
/* End PBXFileReference section */

/* Begin PBXFrameworksBuildPhase section */
		5483081425DE75BB0096237E /* Frameworks */ = {
			isa = PBXFrameworksBuildPhase;
			buildActionMask = 2147483647;
			files = (
			);
			runOnlyForDeploymentPostprocessing = 0;
		};
/* End PBXFrameworksBuildPhase section */

/* Begin PBXGroup section */
		5483080E25DE75BB0096237E = {
			isa = PBXGroup;
			children = (
				5483081925DE75BB0096237E /* GRAMO_Practice */,
				5483081825DE75BB0096237E /* Products */,
			);
			sourceTree = "<group>";
		};
		5483081825DE75BB0096237E /* Products */ = {
			isa = PBXGroup;
			children = (
				5483081725DE75BB0096237E /* GRAMO_Practice.app */,
			);
			name = Products;
			sourceTree = "<group>";
		};
		5483081925DE75BB0096237E /* GRAMO_Practice */ = {
			isa = PBXGroup;
			children = (
				5483081A25DE75BC0096237E /* AppDelegate.swift */,
				5483081C25DE75BC0096237E /* SceneDelegate.swift */,
				5483081E25DE75BC0096237E /* ViewController.swift */,
				5483082025DE75BC0096237E /* Main.storyboard */,
				5483083925DE77230096237E /* Login.storyboard */,
				5483083225DE76AD0096237E /* LoginVC.swift */,
				5483082325DE75BC0096237E /* Assets.xcassets */,
				5483082525DE75BC0096237E /* LaunchScreen.storyboard */,
				5483083D25DE772E0096237E /* UserModel.swift */,
				5483082825DE75BC0096237E /* Info.plist */,
			);
			path = GRAMO_Practice;
			sourceTree = "<group>";
		};
/* End PBXGroup section */

/* Begin PBXNativeTarget section */
		5483081625DE75BB0096237E /* GRAMO_Practice */ = {
			isa = PBXNativeTarget;
			buildConfigurationList = 5483082B25DE75BC0096237E /* Build configuration list for PBXNativeTarget "GRAMO_Practice" */;
			buildPhases = (
				5483081325DE75BB0096237E /* Sources */,
				5483081425DE75BB0096237E /* Frameworks */,
				5483081525DE75BB0096237E /* Resources */,
			);
			buildRules = (
			);
			dependencies = (
			);
			name = GRAMO_Practice;
			productName = GRAMO_Practice;
			productReference = 5483081725DE75BB0096237E /* GRAMO_Practice.app */;
			productType = "com.apple.product-type.application";
		};
/* End PBXNativeTarget section */

/* Begin PBXProject section */
		5483080F25DE75BB0096237E /* Project object */ = {
			isa = PBXProject;
			attributes = {
				LastSwiftUpdateCheck = 1230;
				LastUpgradeCheck = 1230;
				TargetAttributes = {
					5483081625DE75BB0096237E = {
						CreatedOnToolsVersion = 12.3;
					};
				};
			};
			buildConfigurationList = 5483081225DE75BB0096237E /* Build configuration list for PBXProject "GRAMO_Practice" */;
			compatibilityVersion = "Xcode 9.3";
			developmentRegion = en;
			hasScannedForEncodings = 0;
			knownRegions = (
				en,
				Base,
			);
			mainGroup = 5483080E25DE75BB0096237E;
			productRefGroup = 5483081825DE75BB0096237E /* Products */;
			projectDirPath = "";
			projectRoot = "";
			targets = (
				5483081625DE75BB0096237E /* GRAMO_Practice */,
			);
		};
/* End PBXProject section */

/* Begin PBXResourcesBuildPhase section */
		5483081525DE75BB0096237E /* Resources */ = {
			isa = PBXResourcesBuildPhase;
			buildActionMask = 2147483647;
			files = (
				5483083B25DE77230096237E /* Login.storyboard in Resources */,
				5483082725DE75BC0096237E /* LaunchScreen.storyboard in Resources */,
				5483082425DE75BC0096237E /* Assets.xcassets in Resources */,
				5483082225DE75BC0096237E /* Main.storyboard in Resources */,
			);
			runOnlyForDeploymentPostprocessing = 0;
		};
/* End PBXResourcesBuildPhase section */

/* Begin PBXSourcesBuildPhase section */
		5483081325DE75BB0096237E /* Sources */ = {
			isa = PBXSourcesBuildPhase;
			buildActionMask = 2147483647;
			files = (
				5483081F25DE75BC0096237E /* ViewController.swift in Sources */,
				5483081B25DE75BC0096237E /* AppDelegate.swift in Sources */,
				5483081D25DE75BC0096237E /* SceneDelegate.swift in Sources */,
				5483083E25DE772E0096237E /* UserModel.swift in Sources */,
				5483083425DE76AD0096237E /* LoginVC.swift in Sources */,
			);
			runOnlyForDeploymentPostprocessing = 0;
		};
/* End PBXSourcesBuildPhase section */

/* Begin PBXVariantGroup section */
		5483082025DE75BC0096237E /* Main.storyboard */ = {
			isa = PBXVariantGroup;
			children = (
				5483082125DE75BC0096237E /* Base */,
			);
			name = Main.storyboard;
			sourceTree = "<group>";
		};
		5483082525DE75BC0096237E /* LaunchScreen.storyboard */ = {
			isa = PBXVariantGroup;
			children = (
				5483082625DE75BC0096237E /* Base */,
			);
			name = LaunchScreen.storyboard;
			sourceTree = "<group>";
		};
		5483083925DE77230096237E /* Login.storyboard */ = {
			isa = PBXVariantGroup;
			children = (
				5483083A25DE77230096237E /* Base */,
			);
			name = Login.storyboard;
			sourceTree = "<group>";
		};
/* End PBXVariantGroup section */

/* Begin XCBuildConfiguration section */
		5483082925DE75BC0096237E /* Debug */ = {
			isa = XCBuildConfiguration;
			buildSettings = {
				ALWAYS_SEARCH_USER_PATHS = NO;
				CLANG_ANALYZER_NONNULL = YES;
				CLANG_ANALYZER_NUMBER_OBJECT_CONVERSION = YES_AGGRESSIVE;
				CLANG_CXX_LANGUAGE_STANDARD = "gnu++14";
				CLANG_CXX_LIBRARY = "libc++";
				CLANG_ENABLE_MODULES = YES;
				CLANG_ENABLE_OBJC_ARC = YES;
				CLANG_ENABLE_OBJC_WEAK = YES;
				CLANG_WARN_BLOCK_CAPTURE_AUTORELEASING = YES;
				CLANG_WARN_BOOL_CONVERSION = YES;
				CLANG_WARN_COMMA = YES;
				CLANG_WARN_CONSTANT_CONVERSION = YES;
				CLANG_WARN_DEPRECATED_OBJC_IMPLEMENTATIONS = YES;
				CLANG_WARN_DIRECT_OBJC_ISA_USAGE = YES_ERROR;
				CLANG_WARN_DOCUMENTATION_COMMENTS = YES;
				CLANG_WARN_EMPTY_BODY = YES;
				CLANG_WARN_ENUM_CONVERSION = YES;
				CLANG_WARN_INFINITE_RECURSION = YES;
				CLANG_WARN_INT_CONVERSION = YES;
				CLANG_WARN_NON_LITERAL_NULL_CONVERSION = YES;
				CLANG_WARN_OBJC_IMPLICIT_RETAIN_SELF = YES;
				CLANG_WARN_OBJC_LITERAL_CONVERSION = YES;
				CLANG_WARN_OBJC_ROOT_CLASS = YES_ERROR;
				CLANG_WARN_QUOTED_INCLUDE_IN_FRAMEWORK_HEADER = YES;
				CLANG_WARN_RANGE_LOOP_ANALYSIS = YES;
				CLANG_WARN_STRICT_PROTOTYPES = YES;
				CLANG_WARN_SUSPICIOUS_MOVE = YES;
				CLANG_WARN_UNGUARDED_AVAILABILITY = YES_AGGRESSIVE;
				CLANG_WARN_UNREACHABLE_CODE = YES;
				CLANG_WARN__DUPLICATE_METHOD_MATCH = YES;
				COPY_PHASE_STRIP = NO;
				DEBUG_INFORMATION_FORMAT = dwarf;
				ENABLE_STRICT_OBJC_MSGSEND = YES;
				ENABLE_TESTABILITY = YES;
				GCC_C_LANGUAGE_STANDARD = gnu11;
				GCC_DYNAMIC_NO_PIC = NO;
				GCC_NO_COMMON_BLOCKS = YES;
				GCC_OPTIMIZATION_LEVEL = 0;
				GCC_PREPROCESSOR_DEFINITIONS = (
					"DEBUG=1",
					"$(inherited)",
				);
				GCC_WARN_64_TO_32_BIT_CONVERSION = YES;
				GCC_WARN_ABOUT_RETURN_TYPE = YES_ERROR;
				GCC_WARN_UNDECLARED_SELECTOR = YES;
				GCC_WARN_UNINITIALIZED_AUTOS = YES_AGGRESSIVE;
				GCC_WARN_UNUSED_FUNCTION = YES;
				GCC_WARN_UNUSED_VARIABLE = YES;
				IPHONEOS_DEPLOYMENT_TARGET = 14.3;
				MTL_ENABLE_DEBUG_INFO = INCLUDE_SOURCE;
				MTL_FAST_MATH = YES;
				ONLY_ACTIVE_ARCH = YES;
				SDKROOT = iphoneos;
				SWIFT_ACTIVE_COMPILATION_CONDITIONS = DEBUG;
				SWIFT_OPTIMIZATION_LEVEL = "-Onone";
			};
			name = Debug;
		};
		5483082A25DE75BC0096237E /* Release */ = {
			isa = XCBuildConfiguration;
			buildSettings = {
				ALWAYS_SEARCH_USER_PATHS = NO;
				CLANG_ANALYZER_NONNULL = YES;
				CLANG_ANALYZER_NUMBER_OBJECT_CONVERSION = YES_AGGRESSIVE;
				CLANG_CXX_LANGUAGE_STANDARD = "gnu++14";
				CLANG_CXX_LIBRARY = "libc++";
				CLANG_ENABLE_MODULES = YES;
				CLANG_ENABLE_OBJC_ARC = YES;
				CLANG_ENABLE_OBJC_WEAK = YES;
				CLANG_WARN_BLOCK_CAPTURE_AUTORELEASING = YES;
				CLANG_WARN_BOOL_CONVERSION = YES;
				CLANG_WARN_COMMA = YES;
				CLANG_WARN_CONSTANT_CONVERSION = YES;
				CLANG_WARN_DEPRECATED_OBJC_IMPLEMENTATIONS = YES;
				CLANG_WARN_DIRECT_OBJC_ISA_USAGE = YES_ERROR;
				CLANG_WARN_DOCUMENTATION_COMMENTS = YES;
				CLANG_WARN_EMPTY_BODY = YES;
				CLANG_WARN_ENUM_CONVERSION = YES;
				CLANG_WARN_INFINITE_RECURSION = YES;
				CLANG_WARN_INT_CONVERSION = YES;
				CLANG_WARN_NON_LITERAL_NULL_CONVERSION = YES;
				CLANG_WARN_OBJC_IMPLICIT_RETAIN_SELF = YES;
				CLANG_WARN_OBJC_LITERAL_CONVERSION = YES;
				CLANG_WARN_OBJC_ROOT_CLASS = YES_ERROR;
				CLANG_WARN_QUOTED_INCLUDE_IN_FRAMEWORK_HEADER = YES;
				CLANG_WARN_RANGE_LOOP_ANALYSIS = YES;
				CLANG_WARN_STRICT_PROTOTYPES = YES;
				CLANG_WARN_SUSPICIOUS_MOVE = YES;
				CLANG_WARN_UNGUARDED_AVAILABILITY = YES_AGGRESSIVE;
				CLANG_WARN_UNREACHABLE_CODE = YES;
				CLANG_WARN__DUPLICATE_METHOD_MATCH = YES;
				COPY_PHASE_STRIP = NO;
				DEBUG_INFORMATION_FORMAT = "dwarf-with-dsym";
				ENABLE_NS_ASSERTIONS = NO;
				ENABLE_STRICT_OBJC_MSGSEND = YES;
				GCC_C_LANGUAGE_STANDARD = gnu11;
				GCC_NO_COMMON_BLOCKS = YES;
				GCC_WARN_64_TO_32_BIT_CONVERSION = YES;
				GCC_WARN_ABOUT_RETURN_TYPE = YES_ERROR;
				GCC_WARN_UNDECLARED_SELECTOR = YES;
				GCC_WARN_UNINITIALIZED_AUTOS = YES_AGGRESSIVE;
				GCC_WARN_UNUSED_FUNCTION = YES;
				GCC_WARN_UNUSED_VARIABLE = YES;
				IPHONEOS_DEPLOYMENT_TARGET = 14.3;
				MTL_ENABLE_DEBUG_INFO = NO;
				MTL_FAST_MATH = YES;
				SDKROOT = iphoneos;
				SWIFT_COMPILATION_MODE = wholemodule;
				SWIFT_OPTIMIZATION_LEVEL = "-O";
				VALIDATE_PRODUCT = YES;
			};
			name = Release;
		};
		5483082C25DE75BC0096237E /* Debug */ = {
			isa = XCBuildConfiguration;
			buildSettings = {
				ASSETCATALOG_COMPILER_APPICON_NAME = AppIcon;
				ASSETCATALOG_COMPILER_GLOBAL_ACCENT_COLOR_NAME = AccentColor;
				CODE_SIGN_STYLE = Automatic;
				INFOPLIST_FILE = GRAMO_Practice/Info.plist;
				LD_RUNPATH_SEARCH_PATHS = (
					"$(inherited)",
					"@executable_path/Frameworks",
				);
				PRODUCT_BUNDLE_IDENTIFIER = "NoDomain.GRAMO-Practice";
				PRODUCT_NAME = "$(TARGET_NAME)";
				SWIFT_VERSION = 5.0;
				TARGETED_DEVICE_FAMILY = "1,2";
			};
			name = Debug;
		};
		5483082D25DE75BC0096237E /* Release */ = {
			isa = XCBuildConfiguration;
			buildSettings = {
				ASSETCATALOG_COMPILER_APPICON_NAME = AppIcon;
				ASSETCATALOG_COMPILER_GLOBAL_ACCENT_COLOR_NAME = AccentColor;
				CODE_SIGN_STYLE = Automatic;
				INFOPLIST_FILE = GRAMO_Practice/Info.plist;
				LD_RUNPATH_SEARCH_PATHS = (
					"$(inherited)",
					"@executable_path/Frameworks",
				);
				PRODUCT_BUNDLE_IDENTIFIER = "NoDomain.GRAMO-Practice";
				PRODUCT_NAME = "$(TARGET_NAME)";
				SWIFT_VERSION = 5.0;
				TARGETED_DEVICE_FAMILY = "1,2";
			};
			name = Release;
		};
/* End XCBuildConfiguration section */

/* Begin XCConfigurationList section */
		5483081225DE75BB0096237E /* Build configuration list for PBXProject "GRAMO_Practice" */ = {
			isa = XCConfigurationList;
			buildConfigurations = (
				5483082925DE75BC0096237E /* Debug */,
				5483082A25DE75BC0096237E /* Release */,
			);
			defaultConfigurationIsVisible = 0;
			defaultConfigurationName = Release;
		};
		5483082B25DE75BC0096237E /* Build configuration list for PBXNativeTarget "GRAMO_Practice" */ = {
			isa = XCConfigurationList;
			buildConfigurations = (
				5483082C25DE75BC0096237E /* Debug */,
				5483082D25DE75BC0096237E /* Release */,
			);
			defaultConfigurationIsVisible = 0;
			defaultConfigurationName = Release;
		};
/* End XCConfigurationList section */
	};
	rootObject = 5483080F25DE75BB0096237E /* Project object */;
}
