// !$*UTF8*$!
{
	archiveVersion = 1;
	classes = {
	};
	objectVersion = 56;
	objects = {

/* Begin PBXBuildFile section */
		AC70B48A291CA7D700F62A00 /* ItemTypes.swift in Sources */ = {isa = PBXBuildFile; fileRef = AC70B489291CA7D700F62A00 /* ItemTypes.swift */; };
		AC70B48F291CA84700F62A00 /* ItemModel.swift in Sources */ = {isa = PBXBuildFile; fileRef = AC70B48E291CA84700F62A00 /* ItemModel.swift */; };
		AC70B491291CA86E00F62A00 /* ItemModelProtocol.swift in Sources */ = {isa = PBXBuildFile; fileRef = AC70B490291CA86E00F62A00 /* ItemModelProtocol.swift */; };
		AC70B493291CB99E00F62A00 /* ItemRouter.swift in Sources */ = {isa = PBXBuildFile; fileRef = AC70B492291CB99E00F62A00 /* ItemRouter.swift */; };
		AC70B495291CBBAD00F62A00 /* ItemIntentProtocol.swift in Sources */ = {isa = PBXBuildFile; fileRef = AC70B494291CBBAD00F62A00 /* ItemIntentProtocol.swift */; };
		AC70B497291CBE4E00F62A00 /* ItemIntent.swift in Sources */ = {isa = PBXBuildFile; fileRef = AC70B496291CBE4E00F62A00 /* ItemIntent.swift */; };
		AC70B499291CBFD600F62A00 /* ItemView+Build.swift in Sources */ = {isa = PBXBuildFile; fileRef = AC70B498291CBFD600F62A00 /* ItemView+Build.swift */; };
		ACF81C962919DD17009E4D56 /* MVI_SwiftUIApp.swift in Sources */ = {isa = PBXBuildFile; fileRef = ACF81C952919DD17009E4D56 /* MVI_SwiftUIApp.swift */; };
		ACF81C982919DD17009E4D56 /* ListView.swift in Sources */ = {isa = PBXBuildFile; fileRef = ACF81C972919DD17009E4D56 /* ListView.swift */; };
		ACF81C9A2919DD18009E4D56 /* Assets.xcassets in Resources */ = {isa = PBXBuildFile; fileRef = ACF81C992919DD18009E4D56 /* Assets.xcassets */; };
		ACF81C9D2919DD18009E4D56 /* Preview Assets.xcassets in Resources */ = {isa = PBXBuildFile; fileRef = ACF81C9C2919DD18009E4D56 /* Preview Assets.xcassets */; };
		ACF81CA92919E466009E4D56 /* MVIContainer.swift in Sources */ = {isa = PBXBuildFile; fileRef = ACF81CA82919E466009E4D56 /* MVIContainer.swift */; };
		ACF81CAC2919E61C009E4D56 /* ListIntentProtocol.swift in Sources */ = {isa = PBXBuildFile; fileRef = ACF81CAB2919E61C009E4D56 /* ListIntentProtocol.swift */; };
		ACF81CAF2919E688009E4D56 /* ListModelProtocol.swift in Sources */ = {isa = PBXBuildFile; fileRef = ACF81CAE2919E688009E4D56 /* ListModelProtocol.swift */; };
		ACF81CB12919E713009E4D56 /* ListTypes.swift in Sources */ = {isa = PBXBuildFile; fileRef = ACF81CB02919E713009E4D56 /* ListTypes.swift */; };
		ACF81CB32919E77B009E4D56 /* ListModel.swift in Sources */ = {isa = PBXBuildFile; fileRef = ACF81CB22919E77B009E4D56 /* ListModel.swift */; };
		ACF81CB62919E8BC009E4D56 /* ListUrlContentView.swift in Sources */ = {isa = PBXBuildFile; fileRef = ACF81CB52919E8BC009E4D56 /* ListUrlContentView.swift */; };
		ACF81CB92919EB63009E4D56 /* ListRouter.swift in Sources */ = {isa = PBXBuildFile; fileRef = ACF81CB82919EB63009E4D56 /* ListRouter.swift */; };
		ACF81CBB2919EBA4009E4D56 /* RouterProtocol.swift in Sources */ = {isa = PBXBuildFile; fileRef = ACF81CBA2919EBA4009E4D56 /* RouterProtocol.swift */; };
		ACF81CBE2919EC1B009E4D56 /* RouterScreenProtocol.swift in Sources */ = {isa = PBXBuildFile; fileRef = ACF81CBD2919EC1B009E4D56 /* RouterScreenProtocol.swift */; };
		ACF81CC02919EC92009E4D56 /* RouterNavigationModifier.swift in Sources */ = {isa = PBXBuildFile; fileRef = ACF81CBF2919EC92009E4D56 /* RouterNavigationModifier.swift */; };
		ACF81CC22919EF3E009E4D56 /* RouterSheetModifier.swift in Sources */ = {isa = PBXBuildFile; fileRef = ACF81CC12919EF3E009E4D56 /* RouterSheetModifier.swift */; };
		ACF81CC42919F493009E4D56 /* RouterAlertModifier.swift in Sources */ = {isa = PBXBuildFile; fileRef = ACF81CC32919F493009E4D56 /* RouterAlertModifier.swift */; };
		ACF81CC6291B722E009E4D56 /* RouterCloseModifier.swift in Sources */ = {isa = PBXBuildFile; fileRef = ACF81CC5291B722E009E4D56 /* RouterCloseModifier.swift */; };
		ACF81CCA291B775D009E4D56 /* ItemView.swift in Sources */ = {isa = PBXBuildFile; fileRef = ACF81CC9291B775D009E4D56 /* ItemView.swift */; };
		ACF81CCE291B79CB009E4D56 /* WWDCUrlServiceProtocol.swift in Sources */ = {isa = PBXBuildFile; fileRef = ACF81CCD291B79CB009E4D56 /* WWDCUrlServiceProtocol.swift */; };
		ACF81CD0291B7F36009E4D56 /* ListView+Build.swift in Sources */ = {isa = PBXBuildFile; fileRef = ACF81CCF291B7F36009E4D56 /* ListView+Build.swift */; };
		ACF81CD2291B7F6E009E4D56 /* ListIntent.swift in Sources */ = {isa = PBXBuildFile; fileRef = ACF81CD1291B7F6E009E4D56 /* ListIntent.swift */; };
		ACF81CD4291B8220009E4D56 /* WWDCUrlService.swift in Sources */ = {isa = PBXBuildFile; fileRef = ACF81CD3291B8220009E4D56 /* WWDCUrlService.swift */; };
		ACF81CDA291B84A4009E4D56 /* SwiftUIData.plist in Resources */ = {isa = PBXBuildFile; fileRef = ACF81CD9291B84A4009E4D56 /* SwiftUIData.plist */; };
/* End PBXBuildFile section */

/* Begin PBXFileReference section */
		AC70B489291CA7D700F62A00 /* ItemTypes.swift */ = {isa = PBXFileReference; lastKnownFileType = sourcecode.swift; path = ItemTypes.swift; sourceTree = "<group>"; };
		AC70B48E291CA84700F62A00 /* ItemModel.swift */ = {isa = PBXFileReference; lastKnownFileType = sourcecode.swift; path = ItemModel.swift; sourceTree = "<group>"; };
		AC70B490291CA86E00F62A00 /* ItemModelProtocol.swift */ = {isa = PBXFileReference; lastKnownFileType = sourcecode.swift; path = ItemModelProtocol.swift; sourceTree = "<group>"; };
		AC70B492291CB99E00F62A00 /* ItemRouter.swift */ = {isa = PBXFileReference; lastKnownFileType = sourcecode.swift; path = ItemRouter.swift; sourceTree = "<group>"; };
		AC70B494291CBBAD00F62A00 /* ItemIntentProtocol.swift */ = {isa = PBXFileReference; lastKnownFileType = sourcecode.swift; path = ItemIntentProtocol.swift; sourceTree = "<group>"; };
		AC70B496291CBE4E00F62A00 /* ItemIntent.swift */ = {isa = PBXFileReference; lastKnownFileType = sourcecode.swift; path = ItemIntent.swift; sourceTree = "<group>"; };
		AC70B498291CBFD600F62A00 /* ItemView+Build.swift */ = {isa = PBXFileReference; lastKnownFileType = sourcecode.swift; path = "ItemView+Build.swift"; sourceTree = "<group>"; };
		ACF81C922919DD17009E4D56 /* MVI-SwiftUI.app */ = {isa = PBXFileReference; explicitFileType = wrapper.application; includeInIndex = 0; path = "MVI-SwiftUI.app"; sourceTree = BUILT_PRODUCTS_DIR; };
		ACF81C952919DD17009E4D56 /* MVI_SwiftUIApp.swift */ = {isa = PBXFileReference; lastKnownFileType = sourcecode.swift; path = MVI_SwiftUIApp.swift; sourceTree = "<group>"; };
		ACF81C972919DD17009E4D56 /* ListView.swift */ = {isa = PBXFileReference; lastKnownFileType = sourcecode.swift; path = ListView.swift; sourceTree = "<group>"; };
		ACF81C992919DD18009E4D56 /* Assets.xcassets */ = {isa = PBXFileReference; lastKnownFileType = folder.assetcatalog; path = Assets.xcassets; sourceTree = "<group>"; };
		ACF81C9C2919DD18009E4D56 /* Preview Assets.xcassets */ = {isa = PBXFileReference; lastKnownFileType = folder.assetcatalog; path = "Preview Assets.xcassets"; sourceTree = "<group>"; };
		ACF81CA82919E466009E4D56 /* MVIContainer.swift */ = {isa = PBXFileReference; lastKnownFileType = sourcecode.swift; path = MVIContainer.swift; sourceTree = "<group>"; };
		ACF81CAB2919E61C009E4D56 /* ListIntentProtocol.swift */ = {isa = PBXFileReference; lastKnownFileType = sourcecode.swift; path = ListIntentProtocol.swift; sourceTree = "<group>"; };
		ACF81CAE2919E688009E4D56 /* ListModelProtocol.swift */ = {isa = PBXFileReference; lastKnownFileType = sourcecode.swift; path = ListModelProtocol.swift; sourceTree = "<group>"; };
		ACF81CB02919E713009E4D56 /* ListTypes.swift */ = {isa = PBXFileReference; lastKnownFileType = sourcecode.swift; path = ListTypes.swift; sourceTree = "<group>"; };
		ACF81CB22919E77B009E4D56 /* ListModel.swift */ = {isa = PBXFileReference; lastKnownFileType = sourcecode.swift; path = ListModel.swift; sourceTree = "<group>"; };
		ACF81CB52919E8BC009E4D56 /* ListUrlContentView.swift */ = {isa = PBXFileReference; lastKnownFileType = sourcecode.swift; path = ListUrlContentView.swift; sourceTree = "<group>"; };
		ACF81CB82919EB63009E4D56 /* ListRouter.swift */ = {isa = PBXFileReference; lastKnownFileType = sourcecode.swift; path = ListRouter.swift; sourceTree = "<group>"; };
		ACF81CBA2919EBA4009E4D56 /* RouterProtocol.swift */ = {isa = PBXFileReference; lastKnownFileType = sourcecode.swift; path = RouterProtocol.swift; sourceTree = "<group>"; };
		ACF81CBD2919EC1B009E4D56 /* RouterScreenProtocol.swift */ = {isa = PBXFileReference; lastKnownFileType = sourcecode.swift; path = RouterScreenProtocol.swift; sourceTree = "<group>"; };
		ACF81CBF2919EC92009E4D56 /* RouterNavigationModifier.swift */ = {isa = PBXFileReference; lastKnownFileType = sourcecode.swift; path = RouterNavigationModifier.swift; sourceTree = "<group>"; };
		ACF81CC12919EF3E009E4D56 /* RouterSheetModifier.swift */ = {isa = PBXFileReference; lastKnownFileType = sourcecode.swift; path = RouterSheetModifier.swift; sourceTree = "<group>"; };
		ACF81CC32919F493009E4D56 /* RouterAlertModifier.swift */ = {isa = PBXFileReference; lastKnownFileType = sourcecode.swift; path = RouterAlertModifier.swift; sourceTree = "<group>"; };
		ACF81CC5291B722E009E4D56 /* RouterCloseModifier.swift */ = {isa = PBXFileReference; lastKnownFileType = sourcecode.swift; path = RouterCloseModifier.swift; sourceTree = "<group>"; };
		ACF81CC9291B775D009E4D56 /* ItemView.swift */ = {isa = PBXFileReference; lastKnownFileType = sourcecode.swift; path = ItemView.swift; sourceTree = "<group>"; };
		ACF81CCD291B79CB009E4D56 /* WWDCUrlServiceProtocol.swift */ = {isa = PBXFileReference; lastKnownFileType = sourcecode.swift; path = WWDCUrlServiceProtocol.swift; sourceTree = "<group>"; };
		ACF81CCF291B7F36009E4D56 /* ListView+Build.swift */ = {isa = PBXFileReference; lastKnownFileType = sourcecode.swift; path = "ListView+Build.swift"; sourceTree = "<group>"; };
		ACF81CD1291B7F6E009E4D56 /* ListIntent.swift */ = {isa = PBXFileReference; lastKnownFileType = sourcecode.swift; path = ListIntent.swift; sourceTree = "<group>"; };
		ACF81CD3291B8220009E4D56 /* WWDCUrlService.swift */ = {isa = PBXFileReference; lastKnownFileType = sourcecode.swift; path = WWDCUrlService.swift; sourceTree = "<group>"; };
		ACF81CD9291B84A4009E4D56 /* SwiftUIData.plist */ = {isa = PBXFileReference; lastKnownFileType = text.plist.xml; path = SwiftUIData.plist; sourceTree = "<group>"; };
/* End PBXFileReference section */

/* Begin PBXFrameworksBuildPhase section */
		ACF81C8F2919DD17009E4D56 /* Frameworks */ = {
			isa = PBXFrameworksBuildPhase;
			buildActionMask = 2147483647;
			files = (
			);
			runOnlyForDeploymentPostprocessing = 0;
		};
/* End PBXFrameworksBuildPhase section */

/* Begin PBXGroup section */
		AC70B48B291CA80C00F62A00 /* Model */ = {
			isa = PBXGroup;
			children = (
				AC70B48E291CA84700F62A00 /* ItemModel.swift */,
				AC70B490291CA86E00F62A00 /* ItemModelProtocol.swift */,
			);
			path = Model;
			sourceTree = "<group>";
		};
		AC70B48C291CA82500F62A00 /* Intent */ = {
			isa = PBXGroup;
			children = (
				AC70B496291CBE4E00F62A00 /* ItemIntent.swift */,
				AC70B494291CBBAD00F62A00 /* ItemIntentProtocol.swift */,
			);
			path = Intent;
			sourceTree = "<group>";
		};
		AC70B48D291CA82F00F62A00 /* Router */ = {
			isa = PBXGroup;
			children = (
				AC70B492291CB99E00F62A00 /* ItemRouter.swift */,
			);
			path = Router;
			sourceTree = "<group>";
		};
		ACF81C892919DD17009E4D56 = {
			isa = PBXGroup;
			children = (
				ACF81C942919DD17009E4D56 /* MVI-SwiftUI */,
				ACF81C932919DD17009E4D56 /* Products */,
			);
			sourceTree = "<group>";
		};
		ACF81C932919DD17009E4D56 /* Products */ = {
			isa = PBXGroup;
			children = (
				ACF81C922919DD17009E4D56 /* MVI-SwiftUI.app */,
			);
			name = Products;
			sourceTree = "<group>";
		};
		ACF81C942919DD17009E4D56 /* MVI-SwiftUI */ = {
			isa = PBXGroup;
			children = (
				ACF81C952919DD17009E4D56 /* MVI_SwiftUIApp.swift */,
				ACF81C992919DD18009E4D56 /* Assets.xcassets */,
				ACF81C9B2919DD18009E4D56 /* Preview Content */,
				ACF81CA32919DD6F009E4D56 /* Screens */,
				ACF81CCB291B7999009E4D56 /* Services */,
				ACF81CA62919DED9009E4D56 /* Utilites */,
			);
			path = "MVI-SwiftUI";
			sourceTree = "<group>";
		};
		ACF81C9B2919DD18009E4D56 /* Preview Content */ = {
			isa = PBXGroup;
			children = (
				ACF81C9C2919DD18009E4D56 /* Preview Assets.xcassets */,
			);
			path = "Preview Content";
			sourceTree = "<group>";
		};
		ACF81CA32919DD6F009E4D56 /* Screens */ = {
			isa = PBXGroup;
			children = (
				ACF81CA42919DDB8009E4D56 /* List */,
				ACF81CC7291B7735009E4D56 /* Item */,
			);
			path = Screens;
			sourceTree = "<group>";
		};
		ACF81CA42919DDB8009E4D56 /* List */ = {
			isa = PBXGroup;
			children = (
				ACF81CB02919E713009E4D56 /* ListTypes.swift */,
				ACF81CAD2919E66A009E4D56 /* Model */,
				ACF81CA52919DDC0009E4D56 /* View */,
				ACF81CAA2919E5E6009E4D56 /* Intent */,
				ACF81CB72919EB40009E4D56 /* Router */,
			);
			path = List;
			sourceTree = "<group>";
		};
		ACF81CA52919DDC0009E4D56 /* View */ = {
			isa = PBXGroup;
			children = (
				ACF81C972919DD17009E4D56 /* ListView.swift */,
				ACF81CCF291B7F36009E4D56 /* ListView+Build.swift */,
				ACF81CB42919E841009E4D56 /* Custom Elements */,
			);
			path = View;
			sourceTree = "<group>";
		};
		ACF81CA62919DED9009E4D56 /* Utilites */ = {
			isa = PBXGroup;
			children = (
				ACF81CA72919E428009E4D56 /* Router */,
				ACF81CA82919E466009E4D56 /* MVIContainer.swift */,
			);
			path = Utilites;
			sourceTree = "<group>";
		};
		ACF81CA72919E428009E4D56 /* Router */ = {
			isa = PBXGroup;
			children = (
				ACF81CBA2919EBA4009E4D56 /* RouterProtocol.swift */,
				ACF81CBD2919EC1B009E4D56 /* RouterScreenProtocol.swift */,
				ACF81CBC2919EBFA009E4D56 /* Modifier */,
			);
			path = Router;
			sourceTree = "<group>";
		};
		ACF81CAA2919E5E6009E4D56 /* Intent */ = {
			isa = PBXGroup;
			children = (
				ACF81CD1291B7F6E009E4D56 /* ListIntent.swift */,
				ACF81CAB2919E61C009E4D56 /* ListIntentProtocol.swift */,
			);
			path = Intent;
			sourceTree = "<group>";
		};
		ACF81CAD2919E66A009E4D56 /* Model */ = {
			isa = PBXGroup;
			children = (
				ACF81CB22919E77B009E4D56 /* ListModel.swift */,
				ACF81CAE2919E688009E4D56 /* ListModelProtocol.swift */,
			);
			path = Model;
			sourceTree = "<group>";
		};
		ACF81CB42919E841009E4D56 /* Custom Elements */ = {
			isa = PBXGroup;
			children = (
				ACF81CB52919E8BC009E4D56 /* ListUrlContentView.swift */,
			);
			path = "Custom Elements";
			sourceTree = "<group>";
		};
		ACF81CB72919EB40009E4D56 /* Router */ = {
			isa = PBXGroup;
			children = (
				ACF81CB82919EB63009E4D56 /* ListRouter.swift */,
			);
			path = Router;
			sourceTree = "<group>";
		};
		ACF81CBC2919EBFA009E4D56 /* Modifier */ = {
			isa = PBXGroup;
			children = (
				ACF81CC32919F493009E4D56 /* RouterAlertModifier.swift */,
				ACF81CC5291B722E009E4D56 /* RouterCloseModifier.swift */,
				ACF81CBF2919EC92009E4D56 /* RouterNavigationModifier.swift */,
				ACF81CC12919EF3E009E4D56 /* RouterSheetModifier.swift */,
			);
			path = Modifier;
			sourceTree = "<group>";
		};
		ACF81CC7291B7735009E4D56 /* Item */ = {
			isa = PBXGroup;
			children = (
				AC70B489291CA7D700F62A00 /* ItemTypes.swift */,
				AC70B48B291CA80C00F62A00 /* Model */,
				ACF81CC8291B774A009E4D56 /* View */,
				AC70B48C291CA82500F62A00 /* Intent */,
				AC70B48D291CA82F00F62A00 /* Router */,
			);
			path = Item;
			sourceTree = "<group>";
		};
		ACF81CC8291B774A009E4D56 /* View */ = {
			isa = PBXGroup;
			children = (
				ACF81CC9291B775D009E4D56 /* ItemView.swift */,
				AC70B498291CBFD600F62A00 /* ItemView+Build.swift */,
			);
			path = View;
			sourceTree = "<group>";
		};
		ACF81CCB291B7999009E4D56 /* Services */ = {
			isa = PBXGroup;
			children = (
				ACF81CCC291B79B2009E4D56 /* WWDCUrl */,
			);
			path = Services;
			sourceTree = "<group>";
		};
		ACF81CCC291B79B2009E4D56 /* WWDCUrl */ = {
			isa = PBXGroup;
			children = (
				ACF81CCD291B79CB009E4D56 /* WWDCUrlServiceProtocol.swift */,
				ACF81CD3291B8220009E4D56 /* WWDCUrlService.swift */,
				ACF81CD5291B8234009E4D56 /* Data */,
			);
			path = WWDCUrl;
			sourceTree = "<group>";
		};
		ACF81CD5291B8234009E4D56 /* Data */ = {
			isa = PBXGroup;
			children = (
				ACF81CD9291B84A4009E4D56 /* SwiftUIData.plist */,
			);
			path = Data;
			sourceTree = "<group>";
		};
/* End PBXGroup section */

/* Begin PBXNativeTarget section */
		ACF81C912919DD17009E4D56 /* MVI-SwiftUI */ = {
			isa = PBXNativeTarget;
			buildConfigurationList = ACF81CA02919DD18009E4D56 /* Build configuration list for PBXNativeTarget "MVI-SwiftUI" */;
			buildPhases = (
				ACF81C8E2919DD17009E4D56 /* Sources */,
				ACF81C8F2919DD17009E4D56 /* Frameworks */,
				ACF81C902919DD17009E4D56 /* Resources */,
			);
			buildRules = (
			);
			dependencies = (
			);
			name = "MVI-SwiftUI";
			productName = "MVI-SwiftUI";
			productReference = ACF81C922919DD17009E4D56 /* MVI-SwiftUI.app */;
			productType = "com.apple.product-type.application";
		};
/* End PBXNativeTarget section */

/* Begin PBXProject section */
		ACF81C8A2919DD17009E4D56 /* Project object */ = {
			isa = PBXProject;
			attributes = {
				BuildIndependentTargetsInParallel = 1;
				LastSwiftUpdateCheck = 1400;
				LastUpgradeCheck = 1400;
				TargetAttributes = {
					ACF81C912919DD17009E4D56 = {
						CreatedOnToolsVersion = 14.0.1;
					};
				};
			};
			buildConfigurationList = ACF81C8D2919DD17009E4D56 /* Build configuration list for PBXProject "MVI-SwiftUI" */;
			compatibilityVersion = "Xcode 14.0";
			developmentRegion = en;
			hasScannedForEncodings = 0;
			knownRegions = (
				en,
				Base,
			);
			mainGroup = ACF81C892919DD17009E4D56;
			productRefGroup = ACF81C932919DD17009E4D56 /* Products */;
			projectDirPath = "";
			projectRoot = "";
			targets = (
				ACF81C912919DD17009E4D56 /* MVI-SwiftUI */,
			);
		};
/* End PBXProject section */

/* Begin PBXResourcesBuildPhase section */
		ACF81C902919DD17009E4D56 /* Resources */ = {
			isa = PBXResourcesBuildPhase;
			buildActionMask = 2147483647;
			files = (
				ACF81C9D2919DD18009E4D56 /* Preview Assets.xcassets in Resources */,
				ACF81C9A2919DD18009E4D56 /* Assets.xcassets in Resources */,
				ACF81CDA291B84A4009E4D56 /* SwiftUIData.plist in Resources */,
			);
			runOnlyForDeploymentPostprocessing = 0;
		};
/* End PBXResourcesBuildPhase section */

/* Begin PBXSourcesBuildPhase section */
		ACF81C8E2919DD17009E4D56 /* Sources */ = {
			isa = PBXSourcesBuildPhase;
			buildActionMask = 2147483647;
			files = (
				ACF81CD2291B7F6E009E4D56 /* ListIntent.swift in Sources */,
				ACF81CB92919EB63009E4D56 /* ListRouter.swift in Sources */,
				ACF81CD0291B7F36009E4D56 /* ListView+Build.swift in Sources */,
				AC70B493291CB99E00F62A00 /* ItemRouter.swift in Sources */,
				ACF81CBE2919EC1B009E4D56 /* RouterScreenProtocol.swift in Sources */,
				AC70B48F291CA84700F62A00 /* ItemModel.swift in Sources */,
				ACF81CD4291B8220009E4D56 /* WWDCUrlService.swift in Sources */,
				AC70B499291CBFD600F62A00 /* ItemView+Build.swift in Sources */,
				AC70B491291CA86E00F62A00 /* ItemModelProtocol.swift in Sources */,
				ACF81CB62919E8BC009E4D56 /* ListUrlContentView.swift in Sources */,
				ACF81CCA291B775D009E4D56 /* ItemView.swift in Sources */,
				AC70B497291CBE4E00F62A00 /* ItemIntent.swift in Sources */,
				ACF81CBB2919EBA4009E4D56 /* RouterProtocol.swift in Sources */,
				ACF81C982919DD17009E4D56 /* ListView.swift in Sources */,
				ACF81CCE291B79CB009E4D56 /* WWDCUrlServiceProtocol.swift in Sources */,
				AC70B48A291CA7D700F62A00 /* ItemTypes.swift in Sources */,
				ACF81CC02919EC92009E4D56 /* RouterNavigationModifier.swift in Sources */,
				ACF81CC22919EF3E009E4D56 /* RouterSheetModifier.swift in Sources */,
				ACF81CB12919E713009E4D56 /* ListTypes.swift in Sources */,
				AC70B495291CBBAD00F62A00 /* ItemIntentProtocol.swift in Sources */,
				ACF81C962919DD17009E4D56 /* MVI_SwiftUIApp.swift in Sources */,
				ACF81CA92919E466009E4D56 /* MVIContainer.swift in Sources */,
				ACF81CB32919E77B009E4D56 /* ListModel.swift in Sources */,
				ACF81CAC2919E61C009E4D56 /* ListIntentProtocol.swift in Sources */,
				ACF81CC6291B722E009E4D56 /* RouterCloseModifier.swift in Sources */,
				ACF81CC42919F493009E4D56 /* RouterAlertModifier.swift in Sources */,
				ACF81CAF2919E688009E4D56 /* ListModelProtocol.swift in Sources */,
			);
			runOnlyForDeploymentPostprocessing = 0;
		};
/* End PBXSourcesBuildPhase section */

/* Begin XCBuildConfiguration section */
		ACF81C9E2919DD18009E4D56 /* Debug */ = {
			isa = XCBuildConfiguration;
			buildSettings = {
				ALWAYS_SEARCH_USER_PATHS = NO;
				CLANG_ANALYZER_NONNULL = YES;
				CLANG_ANALYZER_NUMBER_OBJECT_CONVERSION = YES_AGGRESSIVE;
				CLANG_CXX_LANGUAGE_STANDARD = "gnu++20";
				CLANG_ENABLE_MODULES = YES;
				CLANG_ENABLE_OBJC_ARC = YES;
				CLANG_ENABLE_OBJC_WEAK = YES;
				CLANG_WARN_BLOCK_CAPTURE_AUTORELEASING = YES;
				CLANG_WARN_BOOL_CONVERSION = YES;
				CLANG_WARN_COMMA = YES;
				CLANG_WARN_CONSTANT_CONVERSION = YES;
				CLANG_WARN_DEPRECATED_OBJC_IMPLEMENTATIONS = YES;
				CLANG_WARN_DIRECT_OBJC_ISA_USAGE = YES_ERROR;
				CLANG_WARN_DOCUMENTATION_COMMENTS = YES;
				CLANG_WARN_EMPTY_BODY = YES;
				CLANG_WARN_ENUM_CONVERSION = YES;
				CLANG_WARN_INFINITE_RECURSION = YES;
				CLANG_WARN_INT_CONVERSION = YES;
				CLANG_WARN_NON_LITERAL_NULL_CONVERSION = YES;
				CLANG_WARN_OBJC_IMPLICIT_RETAIN_SELF = YES;
				CLANG_WARN_OBJC_LITERAL_CONVERSION = YES;
				CLANG_WARN_OBJC_ROOT_CLASS = YES_ERROR;
				CLANG_WARN_QUOTED_INCLUDE_IN_FRAMEWORK_HEADER = YES;
				CLANG_WARN_RANGE_LOOP_ANALYSIS = YES;
				CLANG_WARN_STRICT_PROTOTYPES = YES;
				CLANG_WARN_SUSPICIOUS_MOVE = YES;
				CLANG_WARN_UNGUARDED_AVAILABILITY = YES_AGGRESSIVE;
				CLANG_WARN_UNREACHABLE_CODE = YES;
				CLANG_WARN__DUPLICATE_METHOD_MATCH = YES;
				COPY_PHASE_STRIP = NO;
				DEBUG_INFORMATION_FORMAT = dwarf;
				ENABLE_STRICT_OBJC_MSGSEND = YES;
				ENABLE_TESTABILITY = YES;
				GCC_C_LANGUAGE_STANDARD = gnu11;
				GCC_DYNAMIC_NO_PIC = NO;
				GCC_NO_COMMON_BLOCKS = YES;
				GCC_OPTIMIZATION_LEVEL = 0;
				GCC_PREPROCESSOR_DEFINITIONS = (
					"DEBUG=1",
					"$(inherited)",
				);
				GCC_WARN_64_TO_32_BIT_CONVERSION = YES;
				GCC_WARN_ABOUT_RETURN_TYPE = YES_ERROR;
				GCC_WARN_UNDECLARED_SELECTOR = YES;
				GCC_WARN_UNINITIALIZED_AUTOS = YES_AGGRESSIVE;
				GCC_WARN_UNUSED_FUNCTION = YES;
				GCC_WARN_UNUSED_VARIABLE = YES;
				IPHONEOS_DEPLOYMENT_TARGET = 16.0;
				MTL_ENABLE_DEBUG_INFO = INCLUDE_SOURCE;
				MTL_FAST_MATH = YES;
				ONLY_ACTIVE_ARCH = YES;
				SDKROOT = iphoneos;
				SWIFT_ACTIVE_COMPILATION_CONDITIONS = DEBUG;
				SWIFT_OPTIMIZATION_LEVEL = "-Onone";
			};
			name = Debug;
		};
		ACF81C9F2919DD18009E4D56 /* Release */ = {
			isa = XCBuildConfiguration;
			buildSettings = {
				ALWAYS_SEARCH_USER_PATHS = NO;
				CLANG_ANALYZER_NONNULL = YES;
				CLANG_ANALYZER_NUMBER_OBJECT_CONVERSION = YES_AGGRESSIVE;
				CLANG_CXX_LANGUAGE_STANDARD = "gnu++20";
				CLANG_ENABLE_MODULES = YES;
				CLANG_ENABLE_OBJC_ARC = YES;
				CLANG_ENABLE_OBJC_WEAK = YES;
				CLANG_WARN_BLOCK_CAPTURE_AUTORELEASING = YES;
				CLANG_WARN_BOOL_CONVERSION = YES;
				CLANG_WARN_COMMA = YES;
				CLANG_WARN_CONSTANT_CONVERSION = YES;
				CLANG_WARN_DEPRECATED_OBJC_IMPLEMENTATIONS = YES;
				CLANG_WARN_DIRECT_OBJC_ISA_USAGE = YES_ERROR;
				CLANG_WARN_DOCUMENTATION_COMMENTS = YES;
				CLANG_WARN_EMPTY_BODY = YES;
				CLANG_WARN_ENUM_CONVERSION = YES;
				CLANG_WARN_INFINITE_RECURSION = YES;
				CLANG_WARN_INT_CONVERSION = YES;
				CLANG_WARN_NON_LITERAL_NULL_CONVERSION = YES;
				CLANG_WARN_OBJC_IMPLICIT_RETAIN_SELF = YES;
				CLANG_WARN_OBJC_LITERAL_CONVERSION = YES;
				CLANG_WARN_OBJC_ROOT_CLASS = YES_ERROR;
				CLANG_WARN_QUOTED_INCLUDE_IN_FRAMEWORK_HEADER = YES;
				CLANG_WARN_RANGE_LOOP_ANALYSIS = YES;
				CLANG_WARN_STRICT_PROTOTYPES = YES;
				CLANG_WARN_SUSPICIOUS_MOVE = YES;
				CLANG_WARN_UNGUARDED_AVAILABILITY = YES_AGGRESSIVE;
				CLANG_WARN_UNREACHABLE_CODE = YES;
				CLANG_WARN__DUPLICATE_METHOD_MATCH = YES;
				COPY_PHASE_STRIP = NO;
				DEBUG_INFORMATION_FORMAT = "dwarf-with-dsym";
				ENABLE_NS_ASSERTIONS = NO;
				ENABLE_STRICT_OBJC_MSGSEND = YES;
				GCC_C_LANGUAGE_STANDARD = gnu11;
				GCC_NO_COMMON_BLOCKS = YES;
				GCC_WARN_64_TO_32_BIT_CONVERSION = YES;
				GCC_WARN_ABOUT_RETURN_TYPE = YES_ERROR;
				GCC_WARN_UNDECLARED_SELECTOR = YES;
				GCC_WARN_UNINITIALIZED_AUTOS = YES_AGGRESSIVE;
				GCC_WARN_UNUSED_FUNCTION = YES;
				GCC_WARN_UNUSED_VARIABLE = YES;
				IPHONEOS_DEPLOYMENT_TARGET = 16.0;
				MTL_ENABLE_DEBUG_INFO = NO;
				MTL_FAST_MATH = YES;
				SDKROOT = iphoneos;
				SWIFT_COMPILATION_MODE = wholemodule;
				SWIFT_OPTIMIZATION_LEVEL = "-O";
				VALIDATE_PRODUCT = YES;
			};
			name = Release;
		};
		ACF81CA12919DD18009E4D56 /* Debug */ = {
			isa = XCBuildConfiguration;
			buildSettings = {
				ASSETCATALOG_COMPILER_APPICON_NAME = AppIcon;
				ASSETCATALOG_COMPILER_GLOBAL_ACCENT_COLOR_NAME = AccentColor;
				CODE_SIGN_STYLE = Automatic;
				CURRENT_PROJECT_VERSION = 1;
				DEVELOPMENT_ASSET_PATHS = "\"MVI-SwiftUI/Preview Content\"";
				DEVELOPMENT_TEAM = FSLGTDRXYN;
				ENABLE_PREVIEWS = YES;
				GENERATE_INFOPLIST_FILE = YES;
				INFOPLIST_KEY_UIApplicationSceneManifest_Generation = YES;
				INFOPLIST_KEY_UIApplicationSupportsIndirectInputEvents = YES;
				INFOPLIST_KEY_UILaunchScreen_Generation = YES;
				INFOPLIST_KEY_UISupportedInterfaceOrientations_iPad = "UIInterfaceOrientationPortrait UIInterfaceOrientationPortraitUpsideDown UIInterfaceOrientationLandscapeLeft UIInterfaceOrientationLandscapeRight";
				INFOPLIST_KEY_UISupportedInterfaceOrientations_iPhone = "UIInterfaceOrientationPortrait UIInterfaceOrientationLandscapeLeft UIInterfaceOrientationLandscapeRight";
				LD_RUNPATH_SEARCH_PATHS = (
					"$(inherited)",
					"@executable_path/Frameworks",
				);
				MARKETING_VERSION = 1.0;
				PRODUCT_BUNDLE_IDENTIFIER = "com.JCY.MVI-SwiftUI";
				PRODUCT_NAME = "$(TARGET_NAME)";
				SWIFT_EMIT_LOC_STRINGS = YES;
				SWIFT_VERSION = 5.0;
				TARGETED_DEVICE_FAMILY = "1,2";
			};
			name = Debug;
		};
		ACF81CA22919DD18009E4D56 /* Release */ = {
			isa = XCBuildConfiguration;
			buildSettings = {
				ASSETCATALOG_COMPILER_APPICON_NAME = AppIcon;
				ASSETCATALOG_COMPILER_GLOBAL_ACCENT_COLOR_NAME = AccentColor;
				CODE_SIGN_STYLE = Automatic;
				CURRENT_PROJECT_VERSION = 1;
				DEVELOPMENT_ASSET_PATHS = "\"MVI-SwiftUI/Preview Content\"";
				DEVELOPMENT_TEAM = FSLGTDRXYN;
				ENABLE_PREVIEWS = YES;
				GENERATE_INFOPLIST_FILE = YES;
				INFOPLIST_KEY_UIApplicationSceneManifest_Generation = YES;
				INFOPLIST_KEY_UIApplicationSupportsIndirectInputEvents = YES;
				INFOPLIST_KEY_UILaunchScreen_Generation = YES;
				INFOPLIST_KEY_UISupportedInterfaceOrientations_iPad = "UIInterfaceOrientationPortrait UIInterfaceOrientationPortraitUpsideDown UIInterfaceOrientationLandscapeLeft UIInterfaceOrientationLandscapeRight";
				INFOPLIST_KEY_UISupportedInterfaceOrientations_iPhone = "UIInterfaceOrientationPortrait UIInterfaceOrientationLandscapeLeft UIInterfaceOrientationLandscapeRight";
				LD_RUNPATH_SEARCH_PATHS = (
					"$(inherited)",
					"@executable_path/Frameworks",
				);
				MARKETING_VERSION = 1.0;
				PRODUCT_BUNDLE_IDENTIFIER = "com.JCY.MVI-SwiftUI";
				PRODUCT_NAME = "$(TARGET_NAME)";
				SWIFT_EMIT_LOC_STRINGS = YES;
				SWIFT_VERSION = 5.0;
				TARGETED_DEVICE_FAMILY = "1,2";
			};
			name = Release;
		};
/* End XCBuildConfiguration section */

/* Begin XCConfigurationList section */
		ACF81C8D2919DD17009E4D56 /* Build configuration list for PBXProject "MVI-SwiftUI" */ = {
			isa = XCConfigurationList;
			buildConfigurations = (
				ACF81C9E2919DD18009E4D56 /* Debug */,
				ACF81C9F2919DD18009E4D56 /* Release */,
			);
			defaultConfigurationIsVisible = 0;
			defaultConfigurationName = Release;
		};
		ACF81CA02919DD18009E4D56 /* Build configuration list for PBXNativeTarget "MVI-SwiftUI" */ = {
			isa = XCConfigurationList;
			buildConfigurations = (
				ACF81CA12919DD18009E4D56 /* Debug */,
				ACF81CA22919DD18009E4D56 /* Release */,
			);
			defaultConfigurationIsVisible = 0;
			defaultConfigurationName = Release;
		};
/* End XCConfigurationList section */
	};
	rootObject = ACF81C8A2919DD17009E4D56 /* Project object */;
}
